{
  "version": "4",
  "specifiers": {
    "jsr:@std/dotenv@*": "0.225.3"
  },
  "jsr": {
    "@std/dotenv@0.225.3": {
      "integrity": "a95e5b812c27b0854c52acbae215856d9cce9d4bbf774d938c51d212711e8d4a"
    }
  },
  "workspace": {
    "dependencies": [
      "jsr:@std/assert@1"
    ],
    "packageJson": {
      "dependencies": [
        "npm:@types/express@^5.0.1",
        "npm:cors@^2.8.5",
        "npm:ethers@^6.14.0",
        "npm:express@^5.1.0",
        "npm:mysql2@^3.14.1"
      ]
    }
  }
}
